
Microsoft Visual Studio Solution File, Format Version 12.00
# Visual Studio 15
VisualStudioVersion = 15.0.27004.2006
MinimumVisualStudioVersion = 10.0.40219.1
Project("{FAE04EC0-301F-11D3-BF4B-00C04F79EFBC}") = "Project", "Project\Project.csproj", "{12CA6045-9ADF-49EF-BA88-C495E9BE1DA5}"
EndProject
Global
	GlobalSection(SolutionConfigurationPlatforms) = preSolution
		Debug|Any CPU = Debug|Any CPU
		Release|Any CPU = Release|Any CPU
	EndGlobalSection
	GlobalSection(ProjectConfigurationPlatforms) = postSolution
		{12CA6045-9ADF-49EF-BA88-C495E9BE1DA5}.Debug|Any CPU.ActiveCfg = Debug|Any CPU
		{12CA6045-9ADF-49EF-BA88-C495E9BE1DA5}.Debug|Any CPU.Build.0 = Debug|Any CPU
		{12CA6045-9ADF-49EF-BA88-C495E9BE1DA5}.Release|Any CPU.ActiveCfg = Release|Any CPU
		{12CA6045-9ADF-49EF-BA88-C495E9BE1DA5}.Release|Any CPU.Build.0 = Release|Any CPU
	EndGlobalSection
	GlobalSection(SolutionProperties) = preSolution
		HideSolutionNode = FALSE
	EndGlobalSection
	GlobalSection(ExtensibilityGlobals) = postSolution
		SolutionGuid = {B6A1B6EC-34F8-4028-8D43-35044C90A55C}
	EndGlobalSection
EndGlobal
